
Microsoft Visual Studio Solution File, Format Version 12.00
# Visual Studio Version 17
VisualStudioVersion = 17.6.33723.286
MinimumVisualStudioVersion = 10.0.40219.1
Project("{2150E333-8FDC-42A3-9474-1A3956D46DE8}") = "Services", "Services", "{CFE8DCD2-233A-4168-AF47-1CAD5F832F9C}"
EndProject
Project("{2150E333-8FDC-42A3-9474-1A3956D46DE8}") = "Catalog", "Catalog", "{C135E39A-39FF-4631-9234-C026519B6896}"
EndProject
Project("{FAE04EC0-301F-11D3-BF4B-00C04F79EFBC}") = "Catalog.Api", "Services\Catalog\Catalog.Api\Catalog.Api.csproj", "{5E8225F3-1FC3-49BF-93D3-3ADD97F32A7D}"
EndProject
Global
	GlobalSection(SolutionConfigurationPlatforms) = preSolution
		Debug|Any CPU = Debug|Any CPU
		Release|Any CPU = Release|Any CPU
	EndGlobalSection
	GlobalSection(ProjectConfigurationPlatforms) = postSolution
		{5E8225F3-1FC3-49BF-93D3-3ADD97F32A7D}.Debug|Any CPU.ActiveCfg = Debug|Any CPU
		{5E8225F3-1FC3-49BF-93D3-3ADD97F32A7D}.Debug|Any CPU.Build.0 = Debug|Any CPU
		{5E8225F3-1FC3-49BF-93D3-3ADD97F32A7D}.Release|Any CPU.ActiveCfg = Release|Any CPU
		{5E8225F3-1FC3-49BF-93D3-3ADD97F32A7D}.Release|Any CPU.Build.0 = Release|Any CPU
	EndGlobalSection
	GlobalSection(SolutionProperties) = preSolution
		HideSolutionNode = FALSE
	EndGlobalSection
	GlobalSection(NestedProjects) = preSolution
		{C135E39A-39FF-4631-9234-C026519B6896} = {CFE8DCD2-233A-4168-AF47-1CAD5F832F9C}
		{5E8225F3-1FC3-49BF-93D3-3ADD97F32A7D} = {C135E39A-39FF-4631-9234-C026519B6896}
	EndGlobalSection
	GlobalSection(ExtensibilityGlobals) = postSolution
		SolutionGuid = {7208D2AA-1867-4A00-9E6C-3A6210301D43}
	EndGlobalSection
EndGlobal
